
Microsoft Visual Studio Solution File, Format Version 12.00
# Visual Studio Version 16
VisualStudioVersion = 16.0.31624.102
MinimumVisualStudioVersion = 10.0.40219.1
Project("{9A19103F-16F7-4668-BE54-9A1E7A4F7556}") = "lab2", "lab2\lab2.csproj", "{08EACA26-67B0-4F80-8798-B07940F15391}"
EndProject
Project("{9A19103F-16F7-4668-BE54-9A1E7A4F7556}") = "lab3", "lab3\lab3.csproj", "{A403DEED-8002-4B96-B513-FCAE97A1C487}"
EndProject
Project("{9A19103F-16F7-4668-BE54-9A1E7A4F7556}") = "lab4", "lab4\lab4.csproj", "{5D0FE9FD-566D-4BA7-A96B-AFC78917B67F}"
EndProject
Project("{9A19103F-16F7-4668-BE54-9A1E7A4F7556}") = "lab5", "lab5\lab5.csproj", "{F2B5A8E2-D083-41DE-AD1A-7A4E898FE3C2}"
EndProject
Project("{9A19103F-16F7-4668-BE54-9A1E7A4F7556}") = "lab7", "lab6\lab7.csproj", "{BD40C5FF-C53F-471C-B5C9-8F0065CBB344}"
EndProject
Project("{9A19103F-16F7-4668-BE54-9A1E7A4F7556}") = "lab8", "lab8\lab8.csproj", "{8F30C5B7-DFCF-4FC4-9814-81A9CD1D7D10}"
EndProject
Project("{9A19103F-16F7-4668-BE54-9A1E7A4F7556}") = "lab9", "lab9\lab9.csproj", "{BB35264D-A118-499F-A68A-B76EA7A21885}"
EndProject
Project("{9A19103F-16F7-4668-BE54-9A1E7A4F7556}") = "lab9_zadania", "lab9_zadania\lab9_zadania.csproj", "{0C4C49FD-A13B-43DE-AA17-01D9B0D3F966}"
EndProject
Project("{9A19103F-16F7-4668-BE54-9A1E7A4F7556}") = "lab10", "lab10\lab10.csproj", "{E7686A07-CCF8-424D-886D-4F9148D98A6F}"
EndProject
Project("{9A19103F-16F7-4668-BE54-9A1E7A4F7556}") = "lab11", "lab11\lab11.csproj", "{F100936F-2A7E-4D4F-985C-7B2A116E1A80}"
EndProject
Project("{FAE04EC0-301F-11D3-BF4B-00C04F79EFBC}") = "lab12", "lab12\lab12.csproj", "{90D4C7AA-534B-40BA-A111-514FD6595660}"
EndProject
Global
	GlobalSection(SolutionConfigurationPlatforms) = preSolution
		Debug|Any CPU = Debug|Any CPU
		Release|Any CPU = Release|Any CPU
	EndGlobalSection
	GlobalSection(ProjectConfigurationPlatforms) = postSolution
		{08EACA26-67B0-4F80-8798-B07940F15391}.Debug|Any CPU.ActiveCfg = Debug|Any CPU
		{08EACA26-67B0-4F80-8798-B07940F15391}.Debug|Any CPU.Build.0 = Debug|Any CPU
		{08EACA26-67B0-4F80-8798-B07940F15391}.Release|Any CPU.ActiveCfg = Release|Any CPU
		{08EACA26-67B0-4F80-8798-B07940F15391}.Release|Any CPU.Build.0 = Release|Any CPU
		{A403DEED-8002-4B96-B513-FCAE97A1C487}.Debug|Any CPU.ActiveCfg = Debug|Any CPU
		{A403DEED-8002-4B96-B513-FCAE97A1C487}.Debug|Any CPU.Build.0 = Debug|Any CPU
		{A403DEED-8002-4B96-B513-FCAE97A1C487}.Release|Any CPU.ActiveCfg = Release|Any CPU
		{A403DEED-8002-4B96-B513-FCAE97A1C487}.Release|Any CPU.Build.0 = Release|Any CPU
		{5D0FE9FD-566D-4BA7-A96B-AFC78917B67F}.Debug|Any CPU.ActiveCfg = Debug|Any CPU
		{5D0FE9FD-566D-4BA7-A96B-AFC78917B67F}.Debug|Any CPU.Build.0 = Debug|Any CPU
		{5D0FE9FD-566D-4BA7-A96B-AFC78917B67F}.Release|Any CPU.ActiveCfg = Release|Any CPU
		{5D0FE9FD-566D-4BA7-A96B-AFC78917B67F}.Release|Any CPU.Build.0 = Release|Any CPU
		{F2B5A8E2-D083-41DE-AD1A-7A4E898FE3C2}.Debug|Any CPU.ActiveCfg = Debug|Any CPU
		{F2B5A8E2-D083-41DE-AD1A-7A4E898FE3C2}.Debug|Any CPU.Build.0 = Debug|Any CPU
		{F2B5A8E2-D083-41DE-AD1A-7A4E898FE3C2}.Release|Any CPU.ActiveCfg = Release|Any CPU
		{F2B5A8E2-D083-41DE-AD1A-7A4E898FE3C2}.Release|Any CPU.Build.0 = Release|Any CPU
		{BD40C5FF-C53F-471C-B5C9-8F0065CBB344}.Debug|Any CPU.ActiveCfg = Debug|Any CPU
		{BD40C5FF-C53F-471C-B5C9-8F0065CBB344}.Debug|Any CPU.Build.0 = Debug|Any CPU
		{BD40C5FF-C53F-471C-B5C9-8F0065CBB344}.Release|Any CPU.ActiveCfg = Release|Any CPU
		{BD40C5FF-C53F-471C-B5C9-8F0065CBB344}.Release|Any CPU.Build.0 = Release|Any CPU
		{8F30C5B7-DFCF-4FC4-9814-81A9CD1D7D10}.Debug|Any CPU.ActiveCfg = Debug|Any CPU
		{8F30C5B7-DFCF-4FC4-9814-81A9CD1D7D10}.Debug|Any CPU.Build.0 = Debug|Any CPU
		{8F30C5B7-DFCF-4FC4-9814-81A9CD1D7D10}.Release|Any CPU.ActiveCfg = Release|Any CPU
		{8F30C5B7-DFCF-4FC4-9814-81A9CD1D7D10}.Release|Any CPU.Build.0 = Release|Any CPU
		{BB35264D-A118-499F-A68A-B76EA7A21885}.Debug|Any CPU.ActiveCfg = Debug|Any CPU
		{BB35264D-A118-499F-A68A-B76EA7A21885}.Debug|Any CPU.Build.0 = Debug|Any CPU
		{BB35264D-A118-499F-A68A-B76EA7A21885}.Release|Any CPU.ActiveCfg = Release|Any CPU
		{BB35264D-A118-499F-A68A-B76EA7A21885}.Release|Any CPU.Build.0 = Release|Any CPU
		{0C4C49FD-A13B-43DE-AA17-01D9B0D3F966}.Debug|Any CPU.ActiveCfg = Debug|Any CPU
		{0C4C49FD-A13B-43DE-AA17-01D9B0D3F966}.Debug|Any CPU.Build.0 = Debug|Any CPU
		{0C4C49FD-A13B-43DE-AA17-01D9B0D3F966}.Release|Any CPU.ActiveCfg = Release|Any CPU
		{0C4C49FD-A13B-43DE-AA17-01D9B0D3F966}.Release|Any CPU.Build.0 = Release|Any CPU
		{E7686A07-CCF8-424D-886D-4F9148D98A6F}.Debug|Any CPU.ActiveCfg = Debug|Any CPU
		{E7686A07-CCF8-424D-886D-4F9148D98A6F}.Debug|Any CPU.Build.0 = Debug|Any CPU
		{E7686A07-CCF8-424D-886D-4F9148D98A6F}.Release|Any CPU.ActiveCfg = Release|Any CPU
		{E7686A07-CCF8-424D-886D-4F9148D98A6F}.Release|Any CPU.Build.0 = Release|Any CPU
		{F100936F-2A7E-4D4F-985C-7B2A116E1A80}.Debug|Any CPU.ActiveCfg = Debug|Any CPU
		{F100936F-2A7E-4D4F-985C-7B2A116E1A80}.Debug|Any CPU.Build.0 = Debug|Any CPU
		{F100936F-2A7E-4D4F-985C-7B2A116E1A80}.Release|Any CPU.ActiveCfg = Release|Any CPU
		{F100936F-2A7E-4D4F-985C-7B2A116E1A80}.Release|Any CPU.Build.0 = Release|Any CPU
		{90D4C7AA-534B-40BA-A111-514FD6595660}.Debug|Any CPU.ActiveCfg = Debug|Any CPU
		{90D4C7AA-534B-40BA-A111-514FD6595660}.Debug|Any CPU.Build.0 = Debug|Any CPU
		{90D4C7AA-534B-40BA-A111-514FD6595660}.Release|Any CPU.ActiveCfg = Release|Any CPU
		{90D4C7AA-534B-40BA-A111-514FD6595660}.Release|Any CPU.Build.0 = Release|Any CPU
	EndGlobalSection
	GlobalSection(SolutionProperties) = preSolution
		HideSolutionNode = FALSE
	EndGlobalSection
	GlobalSection(ExtensibilityGlobals) = postSolution
		SolutionGuid = {E4AB5E3C-A6FF-4FCD-BE0D-2184E8E6E703}
	EndGlobalSection
EndGlobal
